
Microsoft Visual Studio Solution File, Format Version 12.00
# Visual Studio Version 17
VisualStudioVersion = 17.1.32210.238
MinimumVisualStudioVersion = 10.0.40219.1
Project("{9A19103F-16F7-4668-BE54-9A1E7A4F7556}") = "Trenes", "Trenes.csproj", "{473AC12E-BC27-450B-ADBD-A5912FB72475}"
EndProject
Global
	GlobalSection(SolutionConfigurationPlatforms) = preSolution
		Debug|Any CPU = Debug|Any CPU
		Release|Any CPU = Release|Any CPU
	EndGlobalSection
	GlobalSection(ProjectConfigurationPlatforms) = postSolution
		{473AC12E-BC27-450B-ADBD-A5912FB72475}.Debug|Any CPU.ActiveCfg = Debug|Any CPU
		{473AC12E-BC27-450B-ADBD-A5912FB72475}.Debug|Any CPU.Build.0 = Debug|Any CPU
		{473AC12E-BC27-450B-ADBD-A5912FB72475}.Release|Any CPU.ActiveCfg = Release|Any CPU
		{473AC12E-BC27-450B-ADBD-A5912FB72475}.Release|Any CPU.Build.0 = Release|Any CPU
	EndGlobalSection
	GlobalSection(SolutionProperties) = preSolution
		HideSolutionNode = FALSE
	EndGlobalSection
	GlobalSection(ExtensibilityGlobals) = postSolution
		SolutionGuid = {CD9BB5AD-CBEB-4770-BFB7-D1E10A48DC73}
	EndGlobalSection
EndGlobal
